// !$*UTF8*$!
{
	archiveVersion = 1;
	classes = {
	};
	objectVersion = 50;
	objects = {

/* Begin PBXBuildFile section */
		9A02E84E2C59D3F100EFBA47 /* AppDelegate.swift in Sources */ = {isa = PBXBuildFile; fileRef = 9A02E84D2C59D3F100EFBA47 /* AppDelegate.swift */; };
		9A02E8502C59D3F100EFBA47 /* SceneDelegate.swift in Sources */ = {isa = PBXBuildFile; fileRef = 9A02E84F2C59D3F100EFBA47 /* SceneDelegate.swift */; };
		9A02E8522C59D3F100EFBA47 /* ViewController.swift in Sources */ = {isa = PBXBuildFile; fileRef = 9A02E8512C59D3F100EFBA47 /* ViewController.swift */; };
		9A02E8552C59D3F100EFBA47 /* Main.storyboard in Resources */ = {isa = PBXBuildFile; fileRef = 9A02E8532C59D3F100EFBA47 /* Main.storyboard */; };
		9A02E8572C59D3F300EFBA47 /* Assets.xcassets in Resources */ = {isa = PBXBuildFile; fileRef = 9A02E8562C59D3F300EFBA47 /* Assets.xcassets */; };
		9A02E85A2C59D3F300EFBA47 /* LaunchScreen.storyboard in Resources */ = {isa = PBXBuildFile; fileRef = 9A02E8582C59D3F300EFBA47 /* LaunchScreen.storyboard */; };
		9A02E8652C59F1C600EFBA47 /* LoginView.swift in Sources */ = {isa = PBXBuildFile; fileRef = 9A02E8642C59F1C600EFBA47 /* LoginView.swift */; };
/* End PBXBuildFile section */

/* Begin PBXFileReference section */
		9A02E84A2C59D3F100EFBA47 /* MyLoginView.app */ = {isa = PBXFileReference; explicitFileType = wrapper.application; includeInIndex = 0; path = MyLoginView.app; sourceTree = BUILT_PRODUCTS_DIR; };
		9A02E84D2C59D3F100EFBA47 /* AppDelegate.swift */ = {isa = PBXFileReference; lastKnownFileType = sourcecode.swift; path = AppDelegate.swift; sourceTree = "<group>"; };
		9A02E84F2C59D3F100EFBA47 /* SceneDelegate.swift */ = {isa = PBXFileReference; lastKnownFileType = sourcecode.swift; path = SceneDelegate.swift; sourceTree = "<group>"; };
		9A02E8512C59D3F100EFBA47 /* ViewController.swift */ = {isa = PBXFileReference; lastKnownFileType = sourcecode.swift; path = ViewController.swift; sourceTree = "<group>"; };
		9A02E8542C59D3F100EFBA47 /* Base */ = {isa = PBXFileReference; lastKnownFileType = file.storyboard; name = Base; path = Base.lproj/Main.storyboard; sourceTree = "<group>"; };
		9A02E8562C59D3F300EFBA47 /* Assets.xcassets */ = {isa = PBXFileReference; lastKnownFileType = folder.assetcatalog; path = Assets.xcassets; sourceTree = "<group>"; };
		9A02E8592C59D3F300EFBA47 /* Base */ = {isa = PBXFileReference; lastKnownFileType = file.storyboard; name = Base; path = Base.lproj/LaunchScreen.storyboard; sourceTree = "<group>"; };
		9A02E85B2C59D3F300EFBA47 /* Info.plist */ = {isa = PBXFileReference; lastKnownFileType = text.plist.xml; path = Info.plist; sourceTree = "<group>"; };
		9A02E8642C59F1C600EFBA47 /* LoginView.swift */ = {isa = PBXFileReference; lastKnownFileType = sourcecode.swift; path = LoginView.swift; sourceTree = "<group>"; };
/* End PBXFileReference section */

/* Begin PBXFrameworksBuildPhase section */
		9A02E8472C59D3F100EFBA47 /* Frameworks */ = {
			isa = PBXFrameworksBuildPhase;
			buildActionMask = 2147483647;
			files = (
			);
			runOnlyForDeploymentPostprocessing = 0;
		};
/* End PBXFrameworksBuildPhase section */

/* Begin PBXGroup section */
		9A02E8412C59D3F100EFBA47 = {
			isa = PBXGroup;
			children = (
				9A02E84C2C59D3F100EFBA47 /* MyLoginView */,
				9A02E84B2C59D3F100EFBA47 /* Products */,
			);
			sourceTree = "<group>";
		};
		9A02E84B2C59D3F100EFBA47 /* Products */ = {
			isa = PBXGroup;
			children = (
				9A02E84A2C59D3F100EFBA47 /* MyLoginView.app */,
			);
			name = Products;
			sourceTree = "<group>";
		};
		9A02E84C2C59D3F100EFBA47 /* MyLoginView */ = {
			isa = PBXGroup;
			children = (
				9A02E84D2C59D3F100EFBA47 /* AppDelegate.swift */,
				9A02E84F2C59D3F100EFBA47 /* SceneDelegate.swift */,
				9A02E8632C59DADD00EFBA47 /* Controllers */,
				9A02E8622C59DAD900EFBA47 /* Views */,
				9A02E8562C59D3F300EFBA47 /* Assets.xcassets */,
				9A02E8532C59D3F100EFBA47 /* Main.storyboard */,
				9A02E8582C59D3F300EFBA47 /* LaunchScreen.storyboard */,
				9A02E85B2C59D3F300EFBA47 /* Info.plist */,
			);
			path = MyLoginView;
			sourceTree = "<group>";
		};
		9A02E8622C59DAD900EFBA47 /* Views */ = {
			isa = PBXGroup;
			children = (
				9A02E8642C59F1C600EFBA47 /* LoginView.swift */,
			);
			path = Views;
			sourceTree = "<group>";
		};
		9A02E8632C59DADD00EFBA47 /* Controllers */ = {
			isa = PBXGroup;
			children = (
				9A02E8512C59D3F100EFBA47 /* ViewController.swift */,
			);
			path = Controllers;
			sourceTree = "<group>";
		};
/* End PBXGroup section */

/* Begin PBXNativeTarget section */
		9A02E8492C59D3F100EFBA47 /* MyLoginView */ = {
			isa = PBXNativeTarget;
			buildConfigurationList = 9A02E85E2C59D3F300EFBA47 /* Build configuration list for PBXNativeTarget "MyLoginView" */;
			buildPhases = (
				9A02E8462C59D3F100EFBA47 /* Sources */,
				9A02E8472C59D3F100EFBA47 /* Frameworks */,
				9A02E8482C59D3F100EFBA47 /* Resources */,
			);
			buildRules = (
			);
			dependencies = (
			);
			name = MyLoginView;
			productName = MyLoginView;
			productReference = 9A02E84A2C59D3F100EFBA47 /* MyLoginView.app */;
			productType = "com.apple.product-type.application";
		};
/* End PBXNativeTarget section */

/* Begin PBXProject section */
		9A02E8422C59D3F100EFBA47 /* Project object */ = {
			isa = PBXProject;
			attributes = {
				LastSwiftUpdateCheck = 1250;
				LastUpgradeCheck = 1250;
				TargetAttributes = {
					9A02E8492C59D3F100EFBA47 = {
						CreatedOnToolsVersion = 12.5.1;
					};
				};
			};
			buildConfigurationList = 9A02E8452C59D3F100EFBA47 /* Build configuration list for PBXProject "MyLoginView" */;
			compatibilityVersion = "Xcode 9.3";
			developmentRegion = en;
			hasScannedForEncodings = 0;
			knownRegions = (
				en,
				Base,
			);
			mainGroup = 9A02E8412C59D3F100EFBA47;
			productRefGroup = 9A02E84B2C59D3F100EFBA47 /* Products */;
			projectDirPath = "";
			projectRoot = "";
			targets = (
				9A02E8492C59D3F100EFBA47 /* MyLoginView */,
			);
		};
/* End PBXProject section */

/* Begin PBXResourcesBuildPhase section */
		9A02E8482C59D3F100EFBA47 /* Resources */ = {
			isa = PBXResourcesBuildPhase;
			buildActionMask = 2147483647;
			files = (
				9A02E85A2C59D3F300EFBA47 /* LaunchScreen.storyboard in Resources */,
				9A02E8572C59D3F300EFBA47 /* Assets.xcassets in Resources */,
				9A02E8552C59D3F100EFBA47 /* Main.storyboard in Resources */,
			);
			runOnlyForDeploymentPostprocessing = 0;
		};
/* End PBXResourcesBuildPhase section */

/* Begin PBXSourcesBuildPhase section */
		9A02E8462C59D3F100EFBA47 /* Sources */ = {
			isa = PBXSourcesBuildPhase;
			buildActionMask = 2147483647;
			files = (
				9A02E8522C59D3F100EFBA47 /* ViewController.swift in Sources */,
				9A02E84E2C59D3F100EFBA47 /* AppDelegate.swift in Sources */,
				9A02E8652C59F1C600EFBA47 /* LoginView.swift in Sources */,
				9A02E8502C59D3F100EFBA47 /* SceneDelegate.swift in Sources */,
			);
			runOnlyForDeploymentPostprocessing = 0;
		};
/* End PBXSourcesBuildPhase section */

/* Begin PBXVariantGroup section */
		9A02E8532C59D3F100EFBA47 /* Main.storyboard */ = {
			isa = PBXVariantGroup;
			children = (
				9A02E8542C59D3F100EFBA47 /* Base */,
			);
			name = Main.storyboard;
			sourceTree = "<group>";
		};
		9A02E8582C59D3F300EFBA47 /* LaunchScreen.storyboard */ = {
			isa = PBXVariantGroup;
			children = (
				9A02E8592C59D3F300EFBA47 /* Base */,
			);
			name = LaunchScreen.storyboard;
			sourceTree = "<group>";
		};
/* End PBXVariantGroup section */

/* Begin XCBuildConfiguration section */
		9A02E85C2C59D3F300EFBA47 /* Debug */ = {
			isa = XCBuildConfiguration;
			buildSettings = {
				ALWAYS_SEARCH_USER_PATHS = NO;
				CLANG_ANALYZER_NONNULL = YES;
				CLANG_ANALYZER_NUMBER_OBJECT_CONVERSION = YES_AGGRESSIVE;
				CLANG_CXX_LANGUAGE_STANDARD = "gnu++14";
				CLANG_CXX_LIBRARY = "libc++";
				CLANG_ENABLE_MODULES = YES;
				CLANG_ENABLE_OBJC_ARC = YES;
				CLANG_ENABLE_OBJC_WEAK = YES;
				CLANG_WARN_BLOCK_CAPTURE_AUTORELEASING = YES;
				CLANG_WARN_BOOL_CONVERSION = YES;
				CLANG_WARN_COMMA = YES;
				CLANG_WARN_CONSTANT_CONVERSION = YES;
				CLANG_WARN_DEPRECATED_OBJC_IMPLEMENTATIONS = YES;
				CLANG_WARN_DIRECT_OBJC_ISA_USAGE = YES_ERROR;
				CLANG_WARN_DOCUMENTATION_COMMENTS = YES;
				CLANG_WARN_EMPTY_BODY = YES;
				CLANG_WARN_ENUM_CONVERSION = YES;
				CLANG_WARN_INFINITE_RECURSION = YES;
				CLANG_WARN_INT_CONVERSION = YES;
				CLANG_WARN_NON_LITERAL_NULL_CONVERSION = YES;
				CLANG_WARN_OBJC_IMPLICIT_RETAIN_SELF = YES;
				CLANG_WARN_OBJC_LITERAL_CONVERSION = YES;
				CLANG_WARN_OBJC_ROOT_CLASS = YES_ERROR;
				CLANG_WARN_QUOTED_INCLUDE_IN_FRAMEWORK_HEADER = YES;
				CLANG_WARN_RANGE_LOOP_ANALYSIS = YES;
				CLANG_WARN_STRICT_PROTOTYPES = YES;
				CLANG_WARN_SUSPICIOUS_MOVE = YES;
				CLANG_WARN_UNGUARDED_AVAILABILITY = YES_AGGRESSIVE;
				CLANG_WARN_UNREACHABLE_CODE = YES;
				CLANG_WARN__DUPLICATE_METHOD_MATCH = YES;
				COPY_PHASE_STRIP = NO;
				DEBUG_INFORMATION_FORMAT = dwarf;
				ENABLE_STRICT_OBJC_MSGSEND = YES;
				ENABLE_TESTABILITY = YES;
				GCC_C_LANGUAGE_STANDARD = gnu11;
				GCC_DYNAMIC_NO_PIC = NO;
				GCC_NO_COMMON_BLOCKS = YES;
				GCC_OPTIMIZATION_LEVEL = 0;
				GCC_PREPROCESSOR_DEFINITIONS = (
					"DEBUG=1",
					"$(inherited)",
				);
				GCC_WARN_64_TO_32_BIT_CONVERSION = YES;
				GCC_WARN_ABOUT_RETURN_TYPE = YES_ERROR;
				GCC_WARN_UNDECLARED_SELECTOR = YES;
				GCC_WARN_UNINITIALIZED_AUTOS = YES_AGGRESSIVE;
				GCC_WARN_UNUSED_FUNCTION = YES;
				GCC_WARN_UNUSED_VARIABLE = YES;
				IPHONEOS_DEPLOYMENT_TARGET = 14.5;
				MTL_ENABLE_DEBUG_INFO = INCLUDE_SOURCE;
				MTL_FAST_MATH = YES;
				ONLY_ACTIVE_ARCH = YES;
				SDKROOT = iphoneos;
				SWIFT_ACTIVE_COMPILATION_CONDITIONS = DEBUG;
				SWIFT_OPTIMIZATION_LEVEL = "-Onone";
			};
			name = Debug;
		};
		9A02E85D2C59D3F300EFBA47 /* Release */ = {
			isa = XCBuildConfiguration;
			buildSettings = {
				ALWAYS_SEARCH_USER_PATHS = NO;
				CLANG_ANALYZER_NONNULL = YES;
				CLANG_ANALYZER_NUMBER_OBJECT_CONVERSION = YES_AGGRESSIVE;
				CLANG_CXX_LANGUAGE_STANDARD = "gnu++14";
				CLANG_CXX_LIBRARY = "libc++";
				CLANG_ENABLE_MODULES = YES;
				CLANG_ENABLE_OBJC_ARC = YES;
				CLANG_ENABLE_OBJC_WEAK = YES;
				CLANG_WARN_BLOCK_CAPTURE_AUTORELEASING = YES;
				CLANG_WARN_BOOL_CONVERSION = YES;
				CLANG_WARN_COMMA = YES;
				CLANG_WARN_CONSTANT_CONVERSION = YES;
				CLANG_WARN_DEPRECATED_OBJC_IMPLEMENTATIONS = YES;
				CLANG_WARN_DIRECT_OBJC_ISA_USAGE = YES_ERROR;
				CLANG_WARN_DOCUMENTATION_COMMENTS = YES;
				CLANG_WARN_EMPTY_BODY = YES;
				CLANG_WARN_ENUM_CONVERSION = YES;
				CLANG_WARN_INFINITE_RECURSION = YES;
				CLANG_WARN_INT_CONVERSION = YES;
				CLANG_WARN_NON_LITERAL_NULL_CONVERSION = YES;
				CLANG_WARN_OBJC_IMPLICIT_RETAIN_SELF = YES;
				CLANG_WARN_OBJC_LITERAL_CONVERSION = YES;
				CLANG_WARN_OBJC_ROOT_CLASS = YES_ERROR;
				CLANG_WARN_QUOTED_INCLUDE_IN_FRAMEWORK_HEADER = YES;
				CLANG_WARN_RANGE_LOOP_ANALYSIS = YES;
				CLANG_WARN_STRICT_PROTOTYPES = YES;
				CLANG_WARN_SUSPICIOUS_MOVE = YES;
				CLANG_WARN_UNGUARDED_AVAILABILITY = YES_AGGRESSIVE;
				CLANG_WARN_UNREACHABLE_CODE = YES;
				CLANG_WARN__DUPLICATE_METHOD_MATCH = YES;
				COPY_PHASE_STRIP = NO;
				DEBUG_INFORMATION_FORMAT = "dwarf-with-dsym";
				ENABLE_NS_ASSERTIONS = NO;
				ENABLE_STRICT_OBJC_MSGSEND = YES;
				GCC_C_LANGUAGE_STANDARD = gnu11;
				GCC_NO_COMMON_BLOCKS = YES;
				GCC_WARN_64_TO_32_BIT_CONVERSION = YES;
				GCC_WARN_ABOUT_RETURN_TYPE = YES_ERROR;
				GCC_WARN_UNDECLARED_SELECTOR = YES;
				GCC_WARN_UNINITIALIZED_AUTOS = YES_AGGRESSIVE;
				GCC_WARN_UNUSED_FUNCTION = YES;
				GCC_WARN_UNUSED_VARIABLE = YES;
				IPHONEOS_DEPLOYMENT_TARGET = 14.5;
				MTL_ENABLE_DEBUG_INFO = NO;
				MTL_FAST_MATH = YES;
				SDKROOT = iphoneos;
				SWIFT_COMPILATION_MODE = wholemodule;
				SWIFT_OPTIMIZATION_LEVEL = "-O";
				VALIDATE_PRODUCT = YES;
			};
			name = Release;
		};
		9A02E85F2C59D3F300EFBA47 /* Debug */ = {
			isa = XCBuildConfiguration;
			buildSettings = {
				ASSETCATALOG_COMPILER_APPICON_NAME = AppIcon;
				ASSETCATALOG_COMPILER_GLOBAL_ACCENT_COLOR_NAME = AccentColor;
				CODE_SIGN_STYLE = Automatic;
				INFOPLIST_FILE = MyLoginView/Info.plist;
				LD_RUNPATH_SEARCH_PATHS = (
					"$(inherited)",
					"@executable_path/Frameworks",
				);
				PRODUCT_BUNDLE_IDENTIFIER = nova.MyLoginView;
				PRODUCT_NAME = "$(TARGET_NAME)";
				SWIFT_VERSION = 5.0;
				TARGETED_DEVICE_FAMILY = 1;
			};
			name = Debug;
		};
		9A02E8602C59D3F300EFBA47 /* Release */ = {
			isa = XCBuildConfiguration;
			buildSettings = {
				ASSETCATALOG_COMPILER_APPICON_NAME = AppIcon;
				ASSETCATALOG_COMPILER_GLOBAL_ACCENT_COLOR_NAME = AccentColor;
				CODE_SIGN_STYLE = Automatic;
				INFOPLIST_FILE = MyLoginView/Info.plist;
				LD_RUNPATH_SEARCH_PATHS = (
					"$(inherited)",
					"@executable_path/Frameworks",
				);
				PRODUCT_BUNDLE_IDENTIFIER = nova.MyLoginView;
				PRODUCT_NAME = "$(TARGET_NAME)";
				SWIFT_VERSION = 5.0;
				TARGETED_DEVICE_FAMILY = 1;
			};
			name = Release;
		};
/* End XCBuildConfiguration section */

/* Begin XCConfigurationList section */
		9A02E8452C59D3F100EFBA47 /* Build configuration list for PBXProject "MyLoginView" */ = {
			isa = XCConfigurationList;
			buildConfigurations = (
				9A02E85C2C59D3F300EFBA47 /* Debug */,
				9A02E85D2C59D3F300EFBA47 /* Release */,
			);
			defaultConfigurationIsVisible = 0;
			defaultConfigurationName = Release;
		};
		9A02E85E2C59D3F300EFBA47 /* Build configuration list for PBXNativeTarget "MyLoginView" */ = {
			isa = XCConfigurationList;
			buildConfigurations = (
				9A02E85F2C59D3F300EFBA47 /* Debug */,
				9A02E8602C59D3F300EFBA47 /* Release */,
			);
			defaultConfigurationIsVisible = 0;
			defaultConfigurationName = Release;
		};
/* End XCConfigurationList section */
	};
	rootObject = 9A02E8422C59D3F100EFBA47 /* Project object */;
}
